// !$*UTF8*$!
{
	archiveVersion = 1;
	classes = {
	};
	objectVersion = 48;
	objects = {

/* Begin PBXBuildFile section */
		FDA14FCE1FD003DF00BD6B35 /* AppDelegate.swift in Sources */ = {isa = PBXBuildFile; fileRef = FDA14FCD1FD003DF00BD6B35 /* AppDelegate.swift */; };
		FDA14FD01FD003DF00BD6B35 /* ViewController.swift in Sources */ = {isa = PBXBuildFile; fileRef = FDA14FCF1FD003DF00BD6B35 /* ViewController.swift */; };
		FDA14FD31FD003DF00BD6B35 /* Main.storyboard in Resources */ = {isa = PBXBuildFile; fileRef = FDA14FD11FD003DF00BD6B35 /* Main.storyboard */; };
		FDA14FD51FD003DF00BD6B35 /* Assets.xcassets in Resources */ = {isa = PBXBuildFile; fileRef = FDA14FD41FD003DF00BD6B35 /* Assets.xcassets */; };
		FDA14FD81FD003DF00BD6B35 /* LaunchScreen.storyboard in Resources */ = {isa = PBXBuildFile; fileRef = FDA14FD61FD003DF00BD6B35 /* LaunchScreen.storyboard */; };
		FDC8A09E1FD06835007BDEBE /* Dialog.swift in Sources */ = {isa = PBXBuildFile; fileRef = FDC8A09D1FD06835007BDEBE /* Dialog.swift */; };
/* End PBXBuildFile section */

/* Begin PBXFileReference section */
		FDA14FCA1FD003DF00BD6B35 /* genericDialog.app */ = {isa = PBXFileReference; explicitFileType = wrapper.application; includeInIndex = 0; path = genericDialog.app; sourceTree = BUILT_PRODUCTS_DIR; };
		FDA14FCD1FD003DF00BD6B35 /* AppDelegate.swift */ = {isa = PBXFileReference; lastKnownFileType = sourcecode.swift; path = AppDelegate.swift; sourceTree = "<group>"; };
		FDA14FCF1FD003DF00BD6B35 /* ViewController.swift */ = {isa = PBXFileReference; lastKnownFileType = sourcecode.swift; path = ViewController.swift; sourceTree = "<group>"; };
		FDA14FD21FD003DF00BD6B35 /* Base */ = {isa = PBXFileReference; lastKnownFileType = file.storyboard; name = Base; path = Base.lproj/Main.storyboard; sourceTree = "<group>"; };
		FDA14FD41FD003DF00BD6B35 /* Assets.xcassets */ = {isa = PBXFileReference; lastKnownFileType = folder.assetcatalog; path = Assets.xcassets; sourceTree = "<group>"; };
		FDA14FD71FD003DF00BD6B35 /* Base */ = {isa = PBXFileReference; lastKnownFileType = file.storyboard; name = Base; path = Base.lproj/LaunchScreen.storyboard; sourceTree = "<group>"; };
		FDA14FD91FD003DF00BD6B35 /* Info.plist */ = {isa = PBXFileReference; lastKnownFileType = text.plist.xml; path = Info.plist; sourceTree = "<group>"; };
		FDC8A09D1FD06835007BDEBE /* Dialog.swift */ = {isa = PBXFileReference; lastKnownFileType = sourcecode.swift; path = Dialog.swift; sourceTree = "<group>"; };
/* End PBXFileReference section */

/* Begin PBXFrameworksBuildPhase section */
		FDA14FC71FD003DF00BD6B35 /* Frameworks */ = {
			isa = PBXFrameworksBuildPhase;
			buildActionMask = 2147483647;
			files = (
			);
			runOnlyForDeploymentPostprocessing = 0;
		};
/* End PBXFrameworksBuildPhase section */

/* Begin PBXGroup section */
		FDA14FC11FD003DF00BD6B35 = {
			isa = PBXGroup;
			children = (
				FDA14FCC1FD003DF00BD6B35 /* genericDialog */,
				FDA14FCB1FD003DF00BD6B35 /* Products */,
			);
			sourceTree = "<group>";
		};
		FDA14FCB1FD003DF00BD6B35 /* Products */ = {
			isa = PBXGroup;
			children = (
				FDA14FCA1FD003DF00BD6B35 /* genericDialog.app */,
			);
			name = Products;
			sourceTree = "<group>";
		};
		FDA14FCC1FD003DF00BD6B35 /* genericDialog */ = {
			isa = PBXGroup;
			children = (
				FDA14FCD1FD003DF00BD6B35 /* AppDelegate.swift */,
				FDA14FCF1FD003DF00BD6B35 /* ViewController.swift */,
				FDA14FD11FD003DF00BD6B35 /* Main.storyboard */,
				FDA14FD41FD003DF00BD6B35 /* Assets.xcassets */,
				FDA14FD61FD003DF00BD6B35 /* LaunchScreen.storyboard */,
				FDA14FD91FD003DF00BD6B35 /* Info.plist */,
				FDC8A09D1FD06835007BDEBE /* Dialog.swift */,
			);
			path = genericDialog;
			sourceTree = "<group>";
		};
/* End PBXGroup section */

/* Begin PBXNativeTarget section */
		FDA14FC91FD003DF00BD6B35 /* genericDialog */ = {
			isa = PBXNativeTarget;
			buildConfigurationList = FDA14FDC1FD003DF00BD6B35 /* Build configuration list for PBXNativeTarget "genericDialog" */;
			buildPhases = (
				FDA14FC61FD003DF00BD6B35 /* Sources */,
				FDA14FC71FD003DF00BD6B35 /* Frameworks */,
				FDA14FC81FD003DF00BD6B35 /* Resources */,
			);
			buildRules = (
			);
			dependencies = (
			);
			name = genericDialog;
			productName = genericDialog;
			productReference = FDA14FCA1FD003DF00BD6B35 /* genericDialog.app */;
			productType = "com.apple.product-type.application";
		};
/* End PBXNativeTarget section */

/* Begin PBXProject section */
		FDA14FC21FD003DF00BD6B35 /* Project object */ = {
			isa = PBXProject;
			attributes = {
				LastSwiftUpdateCheck = 0910;
				LastUpgradeCheck = 0910;
				ORGANIZATIONNAME = "Hélio Mesquita";
				TargetAttributes = {
					FDA14FC91FD003DF00BD6B35 = {
						CreatedOnToolsVersion = 9.1;
						ProvisioningStyle = Automatic;
					};
				};
			};
			buildConfigurationList = FDA14FC51FD003DF00BD6B35 /* Build configuration list for PBXProject "genericDialog" */;
			compatibilityVersion = "Xcode 8.0";
			developmentRegion = en;
			hasScannedForEncodings = 0;
			knownRegions = (
				en,
				Base,
			);
			mainGroup = FDA14FC11FD003DF00BD6B35;
			productRefGroup = FDA14FCB1FD003DF00BD6B35 /* Products */;
			projectDirPath = "";
			projectRoot = "";
			targets = (
				FDA14FC91FD003DF00BD6B35 /* genericDialog */,
			);
		};
/* End PBXProject section */

/* Begin PBXResourcesBuildPhase section */
		FDA14FC81FD003DF00BD6B35 /* Resources */ = {
			isa = PBXResourcesBuildPhase;
			buildActionMask = 2147483647;
			files = (
				FDA14FD81FD003DF00BD6B35 /* LaunchScreen.storyboard in Resources */,
				FDA14FD51FD003DF00BD6B35 /* Assets.xcassets in Resources */,
				FDA14FD31FD003DF00BD6B35 /* Main.storyboard in Resources */,
			);
			runOnlyForDeploymentPostprocessing = 0;
		};
/* End PBXResourcesBuildPhase section */

/* Begin PBXSourcesBuildPhase section */
		FDA14FC61FD003DF00BD6B35 /* Sources */ = {
			isa = PBXSourcesBuildPhase;
			buildActionMask = 2147483647;
			files = (
				FDC8A09E1FD06835007BDEBE /* Dialog.swift in Sources */,
				FDA14FD01FD003DF00BD6B35 /* ViewController.swift in Sources */,
				FDA14FCE1FD003DF00BD6B35 /* AppDelegate.swift in Sources */,
			);
			runOnlyForDeploymentPostprocessing = 0;
		};
/* End PBXSourcesBuildPhase section */

/* Begin PBXVariantGroup section */
		FDA14FD11FD003DF00BD6B35 /* Main.storyboard */ = {
			isa = PBXVariantGroup;
			children = (
				FDA14FD21FD003DF00BD6B35 /* Base */,
			);
			name = Main.storyboard;
			sourceTree = "<group>";
		};
		FDA14FD61FD003DF00BD6B35 /* LaunchScreen.storyboard */ = {
			isa = PBXVariantGroup;
			children = (
				FDA14FD71FD003DF00BD6B35 /* Base */,
			);
			name = LaunchScreen.storyboard;
			sourceTree = "<group>";
		};
/* End PBXVariantGroup section */

/* Begin XCBuildConfiguration section */
		FDA14FDA1FD003DF00BD6B35 /* Debug */ = {
			isa = XCBuildConfiguration;
			buildSettings = {
				ALWAYS_SEARCH_USER_PATHS = NO;
				CLANG_ANALYZER_NONNULL = YES;
				CLANG_ANALYZER_NUMBER_OBJECT_CONVERSION = YES_AGGRESSIVE;
				CLANG_CXX_LANGUAGE_STANDARD = "gnu++14";
				CLANG_CXX_LIBRARY = "libc++";
				CLANG_ENABLE_MODULES = YES;
				CLANG_ENABLE_OBJC_ARC = YES;
				CLANG_WARN_BLOCK_CAPTURE_AUTORELEASING = YES;
				CLANG_WARN_BOOL_CONVERSION = YES;
				CLANG_WARN_COMMA = YES;
				CLANG_WARN_CONSTANT_CONVERSION = YES;
				CLANG_WARN_DIRECT_OBJC_ISA_USAGE = YES_ERROR;
				CLANG_WARN_DOCUMENTATION_COMMENTS = YES;
				CLANG_WARN_EMPTY_BODY = YES;
				CLANG_WARN_ENUM_CONVERSION = YES;
				CLANG_WARN_INFINITE_RECURSION = YES;
				CLANG_WARN_INT_CONVERSION = YES;
				CLANG_WARN_NON_LITERAL_NULL_CONVERSION = YES;
				CLANG_WARN_OBJC_LITERAL_CONVERSION = YES;
				CLANG_WARN_OBJC_ROOT_CLASS = YES_ERROR;
				CLANG_WARN_RANGE_LOOP_ANALYSIS = YES;
				CLANG_WARN_STRICT_PROTOTYPES = YES;
				CLANG_WARN_SUSPICIOUS_MOVE = YES;
				CLANG_WARN_UNGUARDED_AVAILABILITY = YES_AGGRESSIVE;
				CLANG_WARN_UNREACHABLE_CODE = YES;
				CLANG_WARN__DUPLICATE_METHOD_MATCH = YES;
				CODE_SIGN_IDENTITY = "iPhone Developer";
				COPY_PHASE_STRIP = NO;
				DEBUG_INFORMATION_FORMAT = dwarf;
				ENABLE_STRICT_OBJC_MSGSEND = YES;
				ENABLE_TESTABILITY = YES;
				GCC_C_LANGUAGE_STANDARD = gnu11;
				GCC_DYNAMIC_NO_PIC = NO;
				GCC_NO_COMMON_BLOCKS = YES;
				GCC_OPTIMIZATION_LEVEL = 0;
				GCC_PREPROCESSOR_DEFINITIONS = (
					"DEBUG=1",
					"$(inherited)",
				);
				GCC_WARN_64_TO_32_BIT_CONVERSION = YES;
				GCC_WARN_ABOUT_RETURN_TYPE = YES_ERROR;
				GCC_WARN_UNDECLARED_SELECTOR = YES;
				GCC_WARN_UNINITIALIZED_AUTOS = YES_AGGRESSIVE;
				GCC_WARN_UNUSED_FUNCTION = YES;
				GCC_WARN_UNUSED_VARIABLE = YES;
				IPHONEOS_DEPLOYMENT_TARGET = 11.1;
				MTL_ENABLE_DEBUG_INFO = YES;
				ONLY_ACTIVE_ARCH = YES;
				SDKROOT = iphoneos;
				SWIFT_ACTIVE_COMPILATION_CONDITIONS = DEBUG;
				SWIFT_OPTIMIZATION_LEVEL = "-Onone";
			};
			name = Debug;
		};
		FDA14FDB1FD003DF00BD6B35 /* Release */ = {
			isa = XCBuildConfiguration;
			buildSettings = {
				ALWAYS_SEARCH_USER_PATHS = NO;
				CLANG_ANALYZER_NONNULL = YES;
				CLANG_ANALYZER_NUMBER_OBJECT_CONVERSION = YES_AGGRESSIVE;
				CLANG_CXX_LANGUAGE_STANDARD = "gnu++14";
				CLANG_CXX_LIBRARY = "libc++";
				CLANG_ENABLE_MODULES = YES;
				CLANG_ENABLE_OBJC_ARC = YES;
				CLANG_WARN_BLOCK_CAPTURE_AUTORELEASING = YES;
				CLANG_WARN_BOOL_CONVERSION = YES;
				CLANG_WARN_COMMA = YES;
				CLANG_WARN_CONSTANT_CONVERSION = YES;
				CLANG_WARN_DIRECT_OBJC_ISA_USAGE = YES_ERROR;
				CLANG_WARN_DOCUMENTATION_COMMENTS = YES;
				CLANG_WARN_EMPTY_BODY = YES;
				CLANG_WARN_ENUM_CONVERSION = YES;
				CLANG_WARN_INFINITE_RECURSION = YES;
				CLANG_WARN_INT_CONVERSION = YES;
				CLANG_WARN_NON_LITERAL_NULL_CONVERSION = YES;
				CLANG_WARN_OBJC_LITERAL_CONVERSION = YES;
				CLANG_WARN_OBJC_ROOT_CLASS = YES_ERROR;
				CLANG_WARN_RANGE_LOOP_ANALYSIS = YES;
				CLANG_WARN_STRICT_PROTOTYPES = YES;
				CLANG_WARN_SUSPICIOUS_MOVE = YES;
				CLANG_WARN_UNGUARDED_AVAILABILITY = YES_AGGRESSIVE;
				CLANG_WARN_UNREACHABLE_CODE = YES;
				CLANG_WARN__DUPLICATE_METHOD_MATCH = YES;
				CODE_SIGN_IDENTITY = "iPhone Developer";
				COPY_PHASE_STRIP = NO;
				DEBUG_INFORMATION_FORMAT = "dwarf-with-dsym";
				ENABLE_NS_ASSERTIONS = NO;
				ENABLE_STRICT_OBJC_MSGSEND = YES;
				GCC_C_LANGUAGE_STANDARD = gnu11;
				GCC_NO_COMMON_BLOCKS = YES;
				GCC_WARN_64_TO_32_BIT_CONVERSION = YES;
				GCC_WARN_ABOUT_RETURN_TYPE = YES_ERROR;
				GCC_WARN_UNDECLARED_SELECTOR = YES;
				GCC_WARN_UNINITIALIZED_AUTOS = YES_AGGRESSIVE;
				GCC_WARN_UNUSED_FUNCTION = YES;
				GCC_WARN_UNUSED_VARIABLE = YES;
				IPHONEOS_DEPLOYMENT_TARGET = 11.1;
				MTL_ENABLE_DEBUG_INFO = NO;
				SDKROOT = iphoneos;
				SWIFT_OPTIMIZATION_LEVEL = "-Owholemodule";
				VALIDATE_PRODUCT = YES;
			};
			name = Release;
		};
		FDA14FDD1FD003DF00BD6B35 /* Debug */ = {
			isa = XCBuildConfiguration;
			buildSettings = {
				ASSETCATALOG_COMPILER_APPICON_NAME = AppIcon;
				CODE_SIGN_STYLE = Automatic;
				DEVELOPMENT_TEAM = S78TGE6NAQ;
				INFOPLIST_FILE = genericDialog/Info.plist;
				LD_RUNPATH_SEARCH_PATHS = "$(inherited) @executable_path/Frameworks";
				PRODUCT_BUNDLE_IDENTIFIER = getNinjas.genericDialog;
				PRODUCT_NAME = "$(TARGET_NAME)";
				SWIFT_VERSION = 3.0;
				TARGETED_DEVICE_FAMILY = "1,2";
			};
			name = Debug;
		};
		FDA14FDE1FD003DF00BD6B35 /* Release */ = {
			isa = XCBuildConfiguration;
			buildSettings = {
				ASSETCATALOG_COMPILER_APPICON_NAME = AppIcon;
				CODE_SIGN_STYLE = Automatic;
				DEVELOPMENT_TEAM = S78TGE6NAQ;
				INFOPLIST_FILE = genericDialog/Info.plist;
				LD_RUNPATH_SEARCH_PATHS = "$(inherited) @executable_path/Frameworks";
				PRODUCT_BUNDLE_IDENTIFIER = getNinjas.genericDialog;
				PRODUCT_NAME = "$(TARGET_NAME)";
				SWIFT_VERSION = 3.0;
				TARGETED_DEVICE_FAMILY = "1,2";
			};
			name = Release;
		};
/* End XCBuildConfiguration section */

/* Begin XCConfigurationList section */
		FDA14FC51FD003DF00BD6B35 /* Build configuration list for PBXProject "genericDialog" */ = {
			isa = XCConfigurationList;
			buildConfigurations = (
				FDA14FDA1FD003DF00BD6B35 /* Debug */,
				FDA14FDB1FD003DF00BD6B35 /* Release */,
			);
			defaultConfigurationIsVisible = 0;
			defaultConfigurationName = Release;
		};
		FDA14FDC1FD003DF00BD6B35 /* Build configuration list for PBXNativeTarget "genericDialog" */ = {
			isa = XCConfigurationList;
			buildConfigurations = (
				FDA14FDD1FD003DF00BD6B35 /* Debug */,
				FDA14FDE1FD003DF00BD6B35 /* Release */,
			);
			defaultConfigurationIsVisible = 0;
			defaultConfigurationName = Release;
		};
/* End XCConfigurationList section */
	};
	rootObject = FDA14FC21FD003DF00BD6B35 /* Project object */;
}
